// !$*UTF8*$!
{
	archiveVersion = 1;
	classes = {
	};
	objectVersion = 77;
	objects = {

/* Begin PBXBuildFile section */
		796F384E303695C9007ABF96 /* Engine in Frameworks */ = {isa = PBXBuildFile; productRef = 796F384D303695C9007ABF96 /* Engine */; };
		796F385B3036A4B1007ABF96 /* IkkokuShaders.metallib in Resources */ = {isa = PBXBuildFile; fileRef = 796F38543036A3C9007ABF96 /* IkkokuShaders.metallib */; };
/* End PBXBuildFile section */

/* Begin PBXContainerItemProxy section */
		796F385C3036A4D1007ABF96 /* PBXContainerItemProxy */ = {
			isa = PBXContainerItemProxy;
			containerPortal = 79A8E8AD3034D876004895DE /* Project object */;
			proxyType = 1;
			remoteGlobalIDString = 796F38533036A3C9007ABF96;
			remoteInfo = IkkokuShaders;
		};
/* End PBXContainerItemProxy section */

/* Begin PBXFileReference section */
		796F38543036A3C9007ABF96 /* IkkokuShaders.metallib */ = {isa = PBXFileReference; explicitFileType = "archive.metal-library"; includeInIndex = 0; path = IkkokuShaders.metallib; sourceTree = BUILT_PRODUCTS_DIR; };
		79A8E8B53034D876004895DE /* IkkokuCreator.app */ = {isa = PBXFileReference; explicitFileType = wrapper.application; includeInIndex = 0; path = IkkokuCreator.app; sourceTree = BUILT_PRODUCTS_DIR; };
		79A8E8D13034DCD4004895DE /* .gitignore */ = {isa = PBXFileReference; lastKnownFileType = text; path = .gitignore; sourceTree = "<group>"; };
/* End PBXFileReference section */

/* Begin PBXFileSystemSynchronizedBuildFileExceptionSet section */
		796F38683037809E007ABF96 /* Exceptions for "Assets" folder in "IkkokuCreator" target */ = {
			isa = PBXFileSystemSynchronizedBuildFileExceptionSet;
			membershipExceptions = (
				fixtures/garment_fixture.bin,
				fixtures/garment_fixture.gltf,
				fixtures/rig_fixture.bin,
				fixtures/rig_fixture.gltf,
			);
			target = 79A8E8B43034D876004895DE /* IkkokuCreator */;
		};
/* End PBXFileSystemSynchronizedBuildFileExceptionSet section */

/* Begin PBXFileSystemSynchronizedRootGroup section */
		796F38553036A3C9007ABF96 /* Shaders */ = {
			isa = PBXFileSystemSynchronizedRootGroup;
			path = Shaders;
			sourceTree = "<group>";
		};
		796F38603037800D007ABF96 /* Assets */ = {
			isa = PBXFileSystemSynchronizedRootGroup;
			exceptions = (
				796F38683037809E007ABF96 /* Exceptions for "Assets" folder in "IkkokuCreator" target */,
			);
			path = Assets;
			sourceTree = "<group>";
		};
		79A8E8C93034D9BC004895DE /* Apps */ = {
			isa = PBXFileSystemSynchronizedRootGroup;
			path = Apps;
			sourceTree = "<group>";
		};
		79A8E8D33034E43B004895DE /* Packages */ = {
			isa = PBXFileSystemSynchronizedRootGroup;
			path = Packages;
			sourceTree = "<group>";
		};
/* End PBXFileSystemSynchronizedRootGroup section */

/* Begin PBXFrameworksBuildPhase section */
		79A8E8B23034D876004895DE /* Frameworks */ = {
			isa = PBXFrameworksBuildPhase;
			buildActionMask = 2147483647;
			files = (
				796F384E303695C9007ABF96 /* Engine in Frameworks */,
			);
			runOnlyForDeploymentPostprocessing = 0;
		};
/* End PBXFrameworksBuildPhase section */

/* Begin PBXGroup section */
		79A8E8AC3034D876004895DE = {
			isa = PBXGroup;
			children = (
				796F38603037800D007ABF96 /* Assets */,
				79A8E8D33034E43B004895DE /* Packages */,
				79A8E8D13034DCD4004895DE /* .gitignore */,
				79A8E8C93034D9BC004895DE /* Apps */,
				796F38553036A3C9007ABF96 /* Shaders */,
				79A8E8B63034D876004895DE /* Products */,
			);
			sourceTree = "<group>";
		};
		79A8E8B63034D876004895DE /* Products */ = {
			isa = PBXGroup;
			children = (
				79A8E8B53034D876004895DE /* IkkokuCreator.app */,
				796F38543036A3C9007ABF96 /* IkkokuShaders.metallib */,
			);
			name = Products;
			sourceTree = "<group>";
		};
/* End PBXGroup section */

/* Begin PBXNativeTarget section */
		796F38533036A3C9007ABF96 /* IkkokuShaders */ = {
			isa = PBXNativeTarget;
			buildConfigurationList = 796F38583036A3C9007ABF96 /* Build configuration list for PBXNativeTarget "IkkokuShaders" */;
			buildPhases = (
				796F38523036A3C9007ABF96 /* Sources */,
			);
			buildRules = (
			);
			dependencies = (
			);
			fileSystemSynchronizedGroups = (
				796F38553036A3C9007ABF96 /* Shaders */,
			);
			name = IkkokuShaders;
			packageProductDependencies = (
			);
			productName = IkkokuShaders;
			productReference = 796F38543036A3C9007ABF96 /* IkkokuShaders.metallib */;
			productType = "com.apple.product-type.metal-library";
		};
		79A8E8B43034D876004895DE /* IkkokuCreator */ = {
			isa = PBXNativeTarget;
			buildConfigurationList = 79A8E8C03034D877004895DE /* Build configuration list for PBXNativeTarget "IkkokuCreator" */;
			buildPhases = (
				79A8E8B13034D876004895DE /* Sources */,
				79A8E8B23034D876004895DE /* Frameworks */,
				79A8E8B33034D876004895DE /* Resources */,
			);
			buildRules = (
			);
			dependencies = (
				796F385D3036A4D1007ABF96 /* PBXTargetDependency */,
			);
			fileSystemSynchronizedGroups = (
				796F38603037800D007ABF96 /* Assets */,
				79A8E8C93034D9BC004895DE /* Apps */,
				79A8E8D33034E43B004895DE /* Packages */,
			);
			name = IkkokuCreator;
			packageProductDependencies = (
				796F384D303695C9007ABF96 /* Engine */,
			);
			productName = IkkokuCreator;
			productReference = 79A8E8B53034D876004895DE /* IkkokuCreator.app */;
			productType = "com.apple.product-type.application";
		};
/* End PBXNativeTarget section */

/* Begin PBXProject section */
		79A8E8AD3034D876004895DE /* Project object */ = {
			isa = PBXProject;
			attributes = {
				BuildIndependentTargetsInParallel = 1;
				LastSwiftUpdateCheck = 2600;
				LastUpgradeCheck = 2600;
				TargetAttributes = {
					796F38533036A3C9007ABF96 = {
						CreatedOnToolsVersion = 26.0.1;
					};
					79A8E8B43034D876004895DE = {
						CreatedOnToolsVersion = 26.0.1;
						LastSwiftMigration = 2600;
					};
				};
			};
			buildConfigurationList = 79A8E8B03034D876004895DE /* Build configuration list for PBXProject "Ikkoku" */;
			developmentRegion = en;
			hasScannedForEncodings = 0;
			knownRegions = (
				en,
				Base,
			);
			mainGroup = 79A8E8AC3034D876004895DE;
			minimizedProjectReferenceProxies = 1;
			packageReferences = (
				796F384C303695C9007ABF96 /* XCLocalSwiftPackageReference "Packages/Engine" */,
			);
			preferredProjectObjectVersion = 77;
			productRefGroup = 79A8E8B63034D876004895DE /* Products */;
			projectDirPath = "";
			projectRoot = "";
			targets = (
				79A8E8B43034D876004895DE /* IkkokuCreator */,
				796F38533036A3C9007ABF96 /* IkkokuShaders */,
			);
		};
/* End PBXProject section */

/* Begin PBXResourcesBuildPhase section */
		79A8E8B33034D876004895DE /* Resources */ = {
			isa = PBXResourcesBuildPhase;
			buildActionMask = 2147483647;
			files = (
				796F385B3036A4B1007ABF96 /* IkkokuShaders.metallib in Resources */,
			);
			runOnlyForDeploymentPostprocessing = 0;
		};
/* End PBXResourcesBuildPhase section */

/* Begin PBXSourcesBuildPhase section */
		796F38523036A3C9007ABF96 /* Sources */ = {
			isa = PBXSourcesBuildPhase;
			buildActionMask = 2147483647;
			files = (
			);
			runOnlyForDeploymentPostprocessing = 0;
		};
		79A8E8B13034D876004895DE /* Sources */ = {
			isa = PBXSourcesBuildPhase;
			buildActionMask = 2147483647;
			files = (
			);
			runOnlyForDeploymentPostprocessing = 0;
		};
/* End PBXSourcesBuildPhase section */

/* Begin PBXTargetDependency section */
		796F385D3036A4D1007ABF96 /* PBXTargetDependency */ = {
			isa = PBXTargetDependency;
			target = 796F38533036A3C9007ABF96 /* IkkokuShaders */;
			targetProxy = 796F385C3036A4D1007ABF96 /* PBXContainerItemProxy */;
		};
/* End PBXTargetDependency section */

/* Begin XCBuildConfiguration section */
		796F38593036A3C9007ABF96 /* Debug */ = {
			isa = XCBuildConfiguration;
			buildSettings = {
				CODE_SIGN_STYLE = Automatic;
				DEVELOPMENT_TEAM = 3LYWV7T9MT;
				MACOSX_DEPLOYMENT_TARGET = 26.0;
				"MTL_HEADER_SEARCH_PATHS[sdk=macosx*]" = "$(SRCROOT)/Packages/Engine/Sources/ShaderTypes/include";
				PRODUCT_NAME = "$(TARGET_NAME)";
				VERSIONING_SYSTEM = "";
			};
			name = Debug;
		};
		796F385A3036A3C9007ABF96 /* Release */ = {
			isa = XCBuildConfiguration;
			buildSettings = {
				CODE_SIGN_STYLE = Automatic;
				DEVELOPMENT_TEAM = 3LYWV7T9MT;
				MACOSX_DEPLOYMENT_TARGET = 26.0;
				"MTL_HEADER_SEARCH_PATHS[sdk=macosx*]" = "$(SRCROOT)/Packages/Engine/Sources/ShaderTypes/include";
				PRODUCT_NAME = "$(TARGET_NAME)";
				VERSIONING_SYSTEM = "";
			};
			name = Release;
		};
		79A8E8BE3034D877004895DE /* Debug */ = {
			isa = XCBuildConfiguration;
			buildSettings = {
				ALWAYS_SEARCH_USER_PATHS = NO;
				ASSETCATALOG_COMPILER_GENERATE_SWIFT_ASSET_SYMBOL_EXTENSIONS = YES;
				CLANG_ANALYZER_NONNULL = YES;
				CLANG_ANALYZER_NUMBER_OBJECT_CONVERSION = YES_AGGRESSIVE;
				CLANG_CXX_LANGUAGE_STANDARD = "gnu++20";
				CLANG_ENABLE_MODULES = YES;
				CLANG_ENABLE_OBJC_ARC = YES;
				CLANG_ENABLE_OBJC_WEAK = YES;
				CLANG_WARN_BLOCK_CAPTURE_AUTORELEASING = YES;
				CLANG_WARN_BOOL_CONVERSION = YES;
				CLANG_WARN_COMMA = YES;
				CLANG_WARN_CONSTANT_CONVERSION = YES;
				CLANG_WARN_DEPRECATED_OBJC_IMPLEMENTATIONS = YES;
				CLANG_WARN_DIRECT_OBJC_ISA_USAGE = YES_ERROR;
				CLANG_WARN_DOCUMENTATION_COMMENTS = YES;
				CLANG_WARN_EMPTY_BODY = YES;
				CLANG_WARN_ENUM_CONVERSION = YES;
				CLANG_WARN_INFINITE_RECURSION = YES;
				CLANG_WARN_INT_CONVERSION = YES;
				CLANG_WARN_NON_LITERAL_NULL_CONVERSION = YES;
				CLANG_WARN_OBJC_IMPLICIT_RETAIN_SELF = YES;
				CLANG_WARN_OBJC_LITERAL_CONVERSION = YES;
				CLANG_WARN_OBJC_ROOT_CLASS = YES_ERROR;
				CLANG_WARN_QUOTED_INCLUDE_IN_FRAMEWORK_HEADER = YES;
				CLANG_WARN_RANGE_LOOP_ANALYSIS = YES;
				CLANG_WARN_STRICT_PROTOTYPES = YES;
				CLANG_WARN_SUSPICIOUS_MOVE = YES;
				CLANG_WARN_UNGUARDED_AVAILABILITY = YES_AGGRESSIVE;
				CLANG_WARN_UNREACHABLE_CODE = YES;
				CLANG_WARN__DUPLICATE_METHOD_MATCH = YES;
				COPY_PHASE_STRIP = NO;
				DEBUG_INFORMATION_FORMAT = dwarf;
				DEVELOPMENT_TEAM = 3LYWV7T9MT;
				ENABLE_STRICT_OBJC_MSGSEND = YES;
				ENABLE_TESTABILITY = YES;
				ENABLE_USER_SCRIPT_SANDBOXING = YES;
				GCC_C_LANGUAGE_STANDARD = gnu17;
				GCC_DYNAMIC_NO_PIC = NO;
				GCC_NO_COMMON_BLOCKS = YES;
				GCC_OPTIMIZATION_LEVEL = 0;
				GCC_PREPROCESSOR_DEFINITIONS = (
					"DEBUG=1",
					"$(inherited)",
				);
				GCC_WARN_64_TO_32_BIT_CONVERSION = YES;
				GCC_WARN_ABOUT_RETURN_TYPE = YES_ERROR;
				GCC_WARN_UNDECLARED_SELECTOR = YES;
				GCC_WARN_UNINITIALIZED_AUTOS = YES_AGGRESSIVE;
				GCC_WARN_UNUSED_FUNCTION = YES;
				GCC_WARN_UNUSED_VARIABLE = YES;
				LOCALIZATION_PREFERS_STRING_CATALOGS = YES;
				MACOSX_DEPLOYMENT_TARGET = 14.6;
				MTL_ENABLE_DEBUG_INFO = INCLUDE_SOURCE;
				MTL_FAST_MATH = YES;
				ONLY_ACTIVE_ARCH = YES;
				SDKROOT = macosx;
				SWIFT_ACTIVE_COMPILATION_CONDITIONS = "DEBUG $(inherited)";
				SWIFT_OPTIMIZATION_LEVEL = "-Onone";
			};
			name = Debug;
		};
		79A8E8BF3034D877004895DE /* Release */ = {
			isa = XCBuildConfiguration;
			buildSettings = {
				ALWAYS_SEARCH_USER_PATHS = NO;
				ASSETCATALOG_COMPILER_GENERATE_SWIFT_ASSET_SYMBOL_EXTENSIONS = YES;
				CLANG_ANALYZER_NONNULL = YES;
				CLANG_ANALYZER_NUMBER_OBJECT_CONVERSION = YES_AGGRESSIVE;
				CLANG_CXX_LANGUAGE_STANDARD = "gnu++20";
				CLANG_ENABLE_MODULES = YES;
				CLANG_ENABLE_OBJC_ARC = YES;
				CLANG_ENABLE_OBJC_WEAK = YES;
				CLANG_WARN_BLOCK_CAPTURE_AUTORELEASING = YES;
				CLANG_WARN_BOOL_CONVERSION = YES;
				CLANG_WARN_COMMA = YES;
				CLANG_WARN_CONSTANT_CONVERSION = YES;
				CLANG_WARN_DEPRECATED_OBJC_IMPLEMENTATIONS = YES;
				CLANG_WARN_DIRECT_OBJC_ISA_USAGE = YES_ERROR;
				CLANG_WARN_DOCUMENTATION_COMMENTS = YES;
				CLANG_WARN_EMPTY_BODY = YES;
				CLANG_WARN_ENUM_CONVERSION = YES;
				CLANG_WARN_INFINITE_RECURSION = YES;
				CLANG_WARN_INT_CONVERSION = YES;
				CLANG_WARN_NON_LITERAL_NULL_CONVERSION = YES;
				CLANG_WARN_OBJC_IMPLICIT_RETAIN_SELF = YES;
				CLANG_WARN_OBJC_LITERAL_CONVERSION = YES;
				CLANG_WARN_OBJC_ROOT_CLASS = YES_ERROR;
				CLANG_WARN_QUOTED_INCLUDE_IN_FRAMEWORK_HEADER = YES;
				CLANG_WARN_RANGE_LOOP_ANALYSIS = YES;
				CLANG_WARN_STRICT_PROTOTYPES = YES;
				CLANG_WARN_SUSPICIOUS_MOVE = YES;
				CLANG_WARN_UNGUARDED_AVAILABILITY = YES_AGGRESSIVE;
				CLANG_WARN_UNREACHABLE_CODE = YES;
				CLANG_WARN__DUPLICATE_METHOD_MATCH = YES;
				COPY_PHASE_STRIP = NO;
				DEBUG_INFORMATION_FORMAT = "dwarf-with-dsym";
				DEVELOPMENT_TEAM = 3LYWV7T9MT;
				ENABLE_NS_ASSERTIONS = NO;
				ENABLE_STRICT_OBJC_MSGSEND = YES;
				ENABLE_USER_SCRIPT_SANDBOXING = YES;
				GCC_C_LANGUAGE_STANDARD = gnu17;
				GCC_NO_COMMON_BLOCKS = YES;
				GCC_WARN_64_TO_32_BIT_CONVERSION = YES;
				GCC_WARN_ABOUT_RETURN_TYPE = YES_ERROR;
				GCC_WARN_UNDECLARED_SELECTOR = YES;
				GCC_WARN_UNINITIALIZED_AUTOS = YES_AGGRESSIVE;
				GCC_WARN_UNUSED_FUNCTION = YES;
				GCC_WARN_UNUSED_VARIABLE = YES;
				LOCALIZATION_PREFERS_STRING_CATALOGS = YES;
				MACOSX_DEPLOYMENT_TARGET = 14.6;
				MTL_ENABLE_DEBUG_INFO = NO;
				MTL_FAST_MATH = YES;
				SDKROOT = macosx;
				SWIFT_COMPILATION_MODE = wholemodule;
			};
			name = Release;
		};
		79A8E8C13034D877004895DE /* Debug */ = {
			isa = XCBuildConfiguration;
			buildSettings = {
				ASSETCATALOG_COMPILER_APPICON_NAME = AppIcon;
				ASSETCATALOG_COMPILER_GLOBAL_ACCENT_COLOR_NAME = AccentColor;
				CLANG_ENABLE_MODULES = YES;
				CODE_SIGN_STYLE = Automatic;
				COMBINE_HIDPI_IMAGES = YES;
				CURRENT_PROJECT_VERSION = 1;
				DEVELOPMENT_TEAM = 3LYWV7T9MT;
				ENABLE_APP_SANDBOX = YES;
				ENABLE_HARDENED_RUNTIME = YES;
				ENABLE_PREVIEWS = YES;
				ENABLE_USER_SELECTED_FILES = readonly;
				GENERATE_INFOPLIST_FILE = YES;
				INFOPLIST_KEY_NSHumanReadableCopyright = "";
				LD_RUNPATH_SEARCH_PATHS = (
					"$(inherited)",
					"@executable_path/../Frameworks",
				);
				MACOSX_DEPLOYMENT_TARGET = 14.6;
				MARKETING_VERSION = 1.0;
				PRODUCT_BUNDLE_IDENTIFIER = com.grabbiel.IkkokuCreator;
				PRODUCT_NAME = "$(TARGET_NAME)";
				REGISTER_APP_GROUPS = YES;
				STRING_CATALOG_GENERATE_SYMBOLS = YES;
				SWIFT_APPROACHABLE_CONCURRENCY = YES;
				SWIFT_DEFAULT_ACTOR_ISOLATION = MainActor;
				SWIFT_EMIT_LOC_STRINGS = YES;
				SWIFT_OPTIMIZATION_LEVEL = "-Onone";
				SWIFT_UPCOMING_FEATURE_MEMBER_IMPORT_VISIBILITY = YES;
				SWIFT_VERSION = 5.0;
			};
			name = Debug;
		};
		79A8E8C23034D877004895DE /* Release */ = {
			isa = XCBuildConfiguration;
			buildSettings = {
				ASSETCATALOG_COMPILER_APPICON_NAME = AppIcon;
				ASSETCATALOG_COMPILER_GLOBAL_ACCENT_COLOR_NAME = AccentColor;
				CLANG_ENABLE_MODULES = YES;
				CODE_SIGN_STYLE = Automatic;
				COMBINE_HIDPI_IMAGES = YES;
				CURRENT_PROJECT_VERSION = 1;
				DEVELOPMENT_TEAM = 3LYWV7T9MT;
				ENABLE_APP_SANDBOX = YES;
				ENABLE_HARDENED_RUNTIME = YES;
				ENABLE_PREVIEWS = YES;
				ENABLE_USER_SELECTED_FILES = readonly;
				GENERATE_INFOPLIST_FILE = YES;
				INFOPLIST_KEY_NSHumanReadableCopyright = "";
				LD_RUNPATH_SEARCH_PATHS = (
					"$(inherited)",
					"@executable_path/../Frameworks",
				);
				MACOSX_DEPLOYMENT_TARGET = 14.6;
				MARKETING_VERSION = 1.0;
				PRODUCT_BUNDLE_IDENTIFIER = com.grabbiel.IkkokuCreator;
				PRODUCT_NAME = "$(TARGET_NAME)";
				REGISTER_APP_GROUPS = YES;
				STRING_CATALOG_GENERATE_SYMBOLS = YES;
				SWIFT_APPROACHABLE_CONCURRENCY = YES;
				SWIFT_DEFAULT_ACTOR_ISOLATION = MainActor;
				SWIFT_EMIT_LOC_STRINGS = YES;
				SWIFT_UPCOMING_FEATURE_MEMBER_IMPORT_VISIBILITY = YES;
				SWIFT_VERSION = 5.0;
			};
			name = Release;
		};
/* End XCBuildConfiguration section */

/* Begin XCConfigurationList section */
		796F38583036A3C9007ABF96 /* Build configuration list for PBXNativeTarget "IkkokuShaders" */ = {
			isa = XCConfigurationList;
			buildConfigurations = (
				796F38593036A3C9007ABF96 /* Debug */,
				796F385A3036A3C9007ABF96 /* Release */,
			);
			defaultConfigurationIsVisible = 0;
			defaultConfigurationName = Release;
		};
		79A8E8B03034D876004895DE /* Build configuration list for PBXProject "Ikkoku" */ = {
			isa = XCConfigurationList;
			buildConfigurations = (
				79A8E8BE3034D877004895DE /* Debug */,
				79A8E8BF3034D877004895DE /* Release */,
			);
			defaultConfigurationIsVisible = 0;
			defaultConfigurationName = Release;
		};
		79A8E8C03034D877004895DE /* Build configuration list for PBXNativeTarget "IkkokuCreator" */ = {
			isa = XCConfigurationList;
			buildConfigurations = (
				79A8E8C13034D877004895DE /* Debug */,
				79A8E8C23034D877004895DE /* Release */,
			);
			defaultConfigurationIsVisible = 0;
			defaultConfigurationName = Release;
		};
/* End XCConfigurationList section */

/* Begin XCLocalSwiftPackageReference section */
		796F384C303695C9007ABF96 /* XCLocalSwiftPackageReference "Packages/Engine" */ = {
			isa = XCLocalSwiftPackageReference;
			relativePath = Packages/Engine;
		};
/* End XCLocalSwiftPackageReference section */

/* Begin XCSwiftPackageProductDependency section */
		796F384D303695C9007ABF96 /* Engine */ = {
			isa = XCSwiftPackageProductDependency;
			productName = Engine;
		};
/* End XCSwiftPackageProductDependency section */
	};
	rootObject = 79A8E8AD3034D876004895DE /* Project object */;
}
